<?xml version="1.0" encoding="utf-8"?>
<Project ToolsVersion="4.0" xmlns="http://schemas.microsoft.com/developer/msbuild/2003">
  <ItemGroup>
    <Filter Include="소스 파일">
      <UniqueIdentifier>{4FC737F1-C7A5-4376-A066-2A32D752A2FF}</UniqueIdentifier>
      <Extensions>cpp;c;cc;cxx;c++;cppm;ixx;def;odl;idl;hpj;bat;asm;asmx</Extensions>
    </Filter>
    <Filter Include="헤더 파일">
      <UniqueIdentifier>{93995380-89BD-4b04-88EB-625FBE52EBFB}</UniqueIdentifier>
      <Extensions>h;hh;hpp;hxx;h++;hm;inl;inc;ipp;xsd</Extensions>
    </Filter>
    <Filter Include="리소스 파일">
      <UniqueIdentifier>{67DA6AB6-F800-4c08-8B7A-83BB121AAD01}</UniqueIdentifier>
      <Extensions>rc;ico;cur;bmp;dlg;rc2;rct;bin;rgs;gif;jpg;jpeg;jpe;resx;tiff;tif;png;wav;mfcribbon-ms</Extensions>
    </Filter>
  </ItemGroup>
  <ItemGroup>
    <ClInclude Include="res\Resource.h">
      <Filter>헤더 파일</Filter>
    </ClInclude>
    <ClInclude Include="engine\core\Time.h">
      <Filter>헤더 파일</Filter>
    </ClInclude>
    <ClInclude Include="engine\core\Input.h">
      <Filter>헤더 파일</Filter>
    </ClInclude>
    <ClInclude Include="engine\core\GameApp.h">
      <Filter>헤더 파일</Filter>
    </ClInclude>
    <ClInclude Include="engine\core\Object.h">
      <Filter>헤더 파일</Filter>
    </ClInclude>
    <ClInclude Include="engine\core\Scene.h">
      <Filter>헤더 파일</Filter>
    </ClInclude>
    <ClInclude Include="game\entities\player\Player.h">
      <Filter>헤더 파일</Filter>
    </ClInclude>
    <ClInclude Include="engine\util\Math.h">
      <Filter>헤더 파일</Filter>
    </ClInclude>
    <ClInclude Include="engine\world\Camera.h">
      <Filter>헤더 파일</Filter>
    </ClInclude>
    <ClInclude Include="engine\util\DebugDraw.h">
      <Filter>헤더 파일</Filter>
    </ClInclude>
    <ClInclude Include="engine\render\IRenderer.h">
      <Filter>헤더 파일</Filter>
    </ClInclude>
    <ClInclude Include="engine\render\D3D11Renderer.h">
      <Filter>헤더 파일</Filter>
    </ClInclude>
    <ClInclude Include="engine\render\D3D11Sprite.h">
      <Filter>헤더 파일</Filter>
    </ClInclude>
    <ClInclude Include="engine\util\Anim.h">
      <Filter>헤더 파일</Filter>
    </ClInclude>
    <ClInclude Include="engine\render\D3D11DebugDraw.h">
      <Filter>헤더 파일</Filter>
    </ClInclude>
    <ClInclude Include="engine\render\DWriteText.h">
      <Filter>헤더 파일</Filter>
    </ClInclude>
    <ClInclude Include="engine\render\D3D11SpriteBatch.h">
      <Filter>헤더 파일</Filter>
    </ClInclude>
    <ClInclude Include="engine\physics\Collision.h">
      <Filter>헤더 파일</Filter>
    </ClInclude>
    <ClInclude Include="engine\render\Texture.h">
      <Filter>헤더 파일</Filter>
    </ClInclude>
    <ClInclude Include="engine\render\TextureLoader.h">
      <Filter>헤더 파일</Filter>
    </ClInclude>
    <ClInclude Include="engine\world\TileSet.h">
      <Filter>헤더 파일</Filter>
    </ClInclude>
    <ClInclude Include="engine\world\TileMap.h">
      <Filter>헤더 파일</Filter>
    </ClInclude>
    <ClInclude Include="engine\physics\PhysicsBody.h">
      <Filter>헤더 파일</Filter>
    </ClInclude>
    <ClInclude Include="engine\world\WorldSystem.h">
      <Filter>헤더 파일</Filter>
    </ClInclude>
    <ClInclude Include="engine\core\RenderSystem.h">
      <Filter>헤더 파일</Filter>
    </ClInclude>
    <ClInclude Include="game\entities\player\PlayerFSM.h">
      <Filter>헤더 파일</Filter>
    </ClInclude>
    <ClInclude Include="game\entities\monsters\Monster.h">
      <Filter>헤더 파일</Filter>
    </ClInclude>
    <ClInclude Include="game\entities\monsters\WaddleDee.h">
      <Filter>헤더 파일</Filter>
    </ClInclude>
    <ClInclude Include="game\entities\monsters\MonsterFactory.h">
      <Filter>헤더 파일</Filter>
    </ClInclude>
    <ClInclude Include="game\combat\Damage.h">
      <Filter>헤더 파일</Filter>
    </ClInclude>
    <ClInclude Include="game\projectile\Projectile.h">
      <Filter>헤더 파일</Filter>
    </ClInclude>
    <ClInclude Include="game\entities\monsters\WaddleDoo.h">
      <Filter>헤더 파일</Filter>
    </ClInclude>
    <ClInclude Include="game\data\StageCSV.h">
      <Filter>헤더 파일</Filter>
    </ClInclude>
    <ClInclude Include="engine\util\StringConv.h">
      <Filter>헤더 파일</Filter>
    </ClInclude>
    <ClInclude Include="game\data\AnimCSV.h">
      <Filter>헤더 파일</Filter>
    </ClInclude>
    <ClInclude Include="game\projectile\ProjectileFactory.h">
      <Filter>헤더 파일</Filter>
    </ClInclude>
    <ClInclude Include="game\entities\monsters\HotHead.h">
      <Filter>헤더 파일</Filter>
    </ClInclude>
    <ClInclude Include="game\entities\monsters\Sparky.h">
      <Filter>헤더 파일</Filter>
    </ClInclude>
    <ClInclude Include="game\data\GameConfig.h">
      <Filter>헤더 파일</Filter>
    </ClInclude>
    <ClInclude Include="game\projectile\ProjectileSystem.h">
      <Filter>헤더 파일</Filter>
    </ClInclude>
    <ClInclude Include="game\combat\HitVolume.h">
      <Filter>헤더 파일</Filter>
    </ClInclude>
    <ClInclude Include="game\combat\HitVolumeSystem.h">
      <Filter>헤더 파일</Filter>
    </ClInclude>
    <ClInclude Include="game\combat\HitVolumeFactory.h">
      <Filter>헤더 파일</Filter>
    </ClInclude>
    <ClInclude Include="game\combat\CombatTarget.h">
      <Filter>헤더 파일</Filter>
    </ClInclude>
    <ClInclude Include="game\combat\Ability.h">
      <Filter>헤더 파일</Filter>
    </ClInclude>
    <ClInclude Include="game\combat\CombatTypes.h">
      <Filter>헤더 파일</Filter>
    </ClInclude>
    <ClInclude Include="game\data\StageDesc.h">
      <Filter>헤더 파일</Filter>
    </ClInclude>
    <ClInclude Include="game\entities\monsters\MonsterTypes.h">
      <Filter>헤더 파일</Filter>
    </ClInclude>
    <ClInclude Include="game\entities\monsters\Apple.h">
      <Filter>헤더 파일</Filter>
    </ClInclude>
    <ClInclude Include="game\entities\monsters\WhispyWoods.h">
      <Filter>헤더 파일</Filter>
    </ClInclude>
    <ClInclude Include="game\session\PlaySession.h">
      <Filter>헤더 파일</Filter>
    </ClInclude>
    <ClInclude Include="engine\Anim.h">
      <Filter>헤더 파일</Filter>
    </ClInclude>
    <ClInclude Include="engine\Camera.h">
      <Filter>헤더 파일</Filter>
    </ClInclude>
    <ClInclude Include="engine\Collision.h">
      <Filter>헤더 파일</Filter>
    </ClInclude>
    <ClInclude Include="engine\D3D11DebugDraw.h">
      <Filter>헤더 파일</Filter>
    </ClInclude>
    <ClInclude Include="engine\D3D11Renderer.h">
      <Filter>헤더 파일</Filter>
    </ClInclude>
    <ClInclude Include="engine\D3D11Sprite.h">
      <Filter>헤더 파일</Filter>
    </ClInclude>
    <ClInclude Include="engine\D3D11SpriteBatch.h">
      <Filter>헤더 파일</Filter>
    </ClInclude>
    <ClInclude Include="engine\DebugDraw.h">
      <Filter>헤더 파일</Filter>
    </ClInclude>
    <ClInclude Include="engine\DWriteText.h">
      <Filter>헤더 파일</Filter>
    </ClInclude>
    <ClInclude Include="engine\GameApp.h">
      <Filter>헤더 파일</Filter>
    </ClInclude>
    <ClInclude Include="engine\Input.h">
      <Filter>헤더 파일</Filter>
    </ClInclude>
    <ClInclude Include="engine\IRenderer.h">
      <Filter>헤더 파일</Filter>
    </ClInclude>
    <ClInclude Include="engine\Math.h">
      <Filter>헤더 파일</Filter>
    </ClInclude>
    <ClInclude Include="engine\Object.h">
      <Filter>헤더 파일</Filter>
    </ClInclude>
    <ClInclude Include="engine\PhysicsBody.h">
      <Filter>헤더 파일</Filter>
    </ClInclude>
    <ClInclude Include="engine\RenderSystem.h">
      <Filter>헤더 파일</Filter>
    </ClInclude>
    <ClInclude Include="engine\Scene.h">
      <Filter>헤더 파일</Filter>
    </ClInclude>
    <ClInclude Include="engine\StringConv.h">
      <Filter>헤더 파일</Filter>
    </ClInclude>
    <ClInclude Include="engine\Texture.h">
      <Filter>헤더 파일</Filter>
    </ClInclude>
    <ClInclude Include="engine\TextureLoader.h">
      <Filter>헤더 파일</Filter>
    </ClInclude>
    <ClInclude Include="engine\TileMap.h">
      <Filter>헤더 파일</Filter>
    </ClInclude>
    <ClInclude Include="engine\TileSet.h">
      <Filter>헤더 파일</Filter>
    </ClInclude>
    <ClInclude Include="engine\Time.h">
      <Filter>헤더 파일</Filter>
    </ClInclude>
    <ClInclude Include="engine\WorldSystem.h">
      <Filter>헤더 파일</Filter>
    </ClInclude>
    <ClInclude Include="game\PlaySession.h">
      <Filter>헤더 파일</Filter>
    </ClInclude>
    <ClInclude Include="game\StageDesc.h">
      <Filter>헤더 파일</Filter>
    </ClInclude>
    <ClInclude Include="game\StageCSV.h">
      <Filter>헤더 파일</Filter>
    </ClInclude>
    <ClInclude Include="game\AnimCSV.h">
      <Filter>헤더 파일</Filter>
    </ClInclude>
    <ClInclude Include="game\GameConfig.h">
      <Filter>헤더 파일</Filter>
    </ClInclude>
    <ClInclude Include="game\Player.h">
      <Filter>헤더 파일</Filter>
    </ClInclude>
    <ClInclude Include="game\PlayerFSM.h">
      <Filter>헤더 파일</Filter>
    </ClInclude>
    <ClInclude Include="game\Monster.h">
      <Filter>헤더 파일</Filter>
    </ClInclude>
    <ClInclude Include="game\MonsterTypes.h">
      <Filter>헤더 파일</Filter>
    </ClInclude>
    <ClInclude Include="game\MonsterFactory.h">
      <Filter>헤더 파일</Filter>
    </ClInclude>
    <ClInclude Include="game\WaddleDee.h">
      <Filter>헤더 파일</Filter>
    </ClInclude>
    <ClInclude Include="game\WaddleDoo.h">
      <Filter>헤더 파일</Filter>
    </ClInclude>
    <ClInclude Include="game\HotHead.h">
      <Filter>헤더 파일</Filter>
    </ClInclude>
    <ClInclude Include="game\Sparky.h">
      <Filter>헤더 파일</Filter>
    </ClInclude>
    <ClInclude Include="game\Apple.h">
      <Filter>헤더 파일</Filter>
    </ClInclude>
    <ClInclude Include="game\WhispyWoods.h">
      <Filter>헤더 파일</Filter>
    </ClInclude>
    <ClInclude Include="game\CombatTypes.h">
      <Filter>헤더 파일</Filter>
    </ClInclude>
    <ClInclude Include="game\CombatTarget.h">
      <Filter>헤더 파일</Filter>
    </ClInclude>
    <ClInclude Include="game\Damage.h">
      <Filter>헤더 파일</Filter>
    </ClInclude>
    <ClInclude Include="game\Ability.h">
      <Filter>헤더 파일</Filter>
    </ClInclude>
    <ClInclude Include="game\HitVolume.h">
      <Filter>헤더 파일</Filter>
    </ClInclude>
    <ClInclude Include="game\HitVolumeFactory.h">
      <Filter>헤더 파일</Filter>
    </ClInclude>
    <ClInclude Include="game\HitVolumeSystem.h">
      <Filter>헤더 파일</Filter>
    </ClInclude>
    <ClInclude Include="game\Projectile.h">
      <Filter>헤더 파일</Filter>
    </ClInclude>
    <ClInclude Include="game\ProjectileFactory.h">
      <Filter>헤더 파일</Filter>
    </ClInclude>
    <ClInclude Include="game\ProjectileSystem.h">
      <Filter>헤더 파일</Filter>
    </ClInclude>
  </ItemGroup>
  <ItemGroup>
    <ClCompile Include="KirbyGame.cpp">
      <Filter>소스 파일</Filter>
    </ClCompile>
    <ClCompile Include="engine\render\D3D11TextureLoader.cpp">
      <Filter>소스 파일</Filter>
    </ClCompile>
    <ClCompile Include="engine\physics\Collision.cpp">
      <Filter>소스 파일</Filter>
    </ClCompile>
    <ClCompile Include="engine\world\TileMap.cpp">
      <Filter>소스 파일</Filter>
    </ClCompile>
    <ClCompile Include="engine\world\TileSet.cpp">
      <Filter>소스 파일</Filter>
    </ClCompile>
    <ClCompile Include="engine\physics\PhysicsBody.cpp">
      <Filter>소스 파일</Filter>
    </ClCompile>
    <ClCompile Include="engine\core\GameApp.cpp">
      <Filter>소스 파일</Filter>
    </ClCompile>
    <ClCompile Include="engine\world\WorldSystem.cpp">
      <Filter>소스 파일</Filter>
    </ClCompile>
    <ClCompile Include="engine\core\RenderSystem.cpp">
      <Filter>소스 파일</Filter>
    </ClCompile>
    <ClCompile Include="engine\render\D3D11SpriteBatch.cpp">
      <Filter>소스 파일</Filter>
    </ClCompile>
    <ClCompile Include="game\entities\player\PlayerFSM.cpp">
      <Filter>소스 파일</Filter>
    </ClCompile>
    <ClCompile Include="game\entities\monsters\WaddleDee.cpp">
      <Filter>소스 파일</Filter>
    </ClCompile>
    <ClCompile Include="game\entities\monsters\WaddleDoo.cpp">
      <Filter>소스 파일</Filter>
    </ClCompile>
    <ClCompile Include="game\data\StageCSV.cpp">
      <Filter>소스 파일</Filter>
    </ClCompile>
    <ClCompile Include="game\data\AnimCSV.cpp">
      <Filter>소스 파일</Filter>
    </ClCompile>
    <ClCompile Include="game\projectile\ProjectileFactory.cpp">
      <Filter>소스 파일</Filter>
    </ClCompile>
    <ClCompile Include="game\entities\monsters\HotHead.cpp">
      <Filter>소스 파일</Filter>
    </ClCompile>
    <ClCompile Include="game\entities\monsters\Sparky.cpp">
      <Filter>소스 파일</Filter>
    </ClCompile>
    <ClCompile Include="game\projectile\ProjectileSystem.cpp">
      <Filter>소스 파일</Filter>
    </ClCompile>
    <ClCompile Include="game\combat\HitVolume.cpp">
      <Filter>소스 파일</Filter>
    </ClCompile>
    <ClCompile Include="game\combat\HitVolumeSystem.cpp">
      <Filter>소스 파일</Filter>
    </ClCompile>
    <ClCompile Include="game\combat\HitVolumeFactory.cpp">
      <Filter>소스 파일</Filter>
    </ClCompile>
    <ClCompile Include="game\data\StageDesc.cpp">
      <Filter>소스 파일</Filter>
    </ClCompile>
    <ClCompile Include="game\session\PlaySession.Core.cpp">
      <Filter>소스 파일</Filter>
    </ClCompile>
    <ClCompile Include="game\session\PlaySession.Stage.cpp">
      <Filter>소스 파일</Filter>
    </ClCompile>
    <ClCompile Include="game\session\PlaySession.Combat.cpp">
      <Filter>소스 파일</Filter>
    </ClCompile>
    <ClCompile Include="game\session\PlaySession.Render.cpp">
      <Filter>소스 파일</Filter>
    </ClCompile>
    <ClCompile Include="game\session\PlaySession.Door.cpp">
      <Filter>소스 파일</Filter>
    </ClCompile>
  </ItemGroup>
  <ItemGroup>
    <ResourceCompile Include="res\KirbyGame.rc">
      <Filter>리소스 파일</Filter>
    </ResourceCompile>
  </ItemGroup>
  <ItemGroup>
    <Image Include="res\small.ico">
      <Filter>리소스 파일</Filter>
    </Image>
    <Image Include="res\KirbyGame.ico">
      <Filter>리소스 파일</Filter>
    </Image>
  </ItemGroup>
</Project>