<?xml version="1.0" encoding="utf-8"?>
<Project ToolsVersion="4.0" xmlns="http://schemas.microsoft.com/developer/msbuild/2003">
  <ItemGroup>
    <Filter Include="Default">
      <UniqueIdentifier>{60f4a331-402c-4eac-9b73-f9f17398d789}</UniqueIdentifier>
    </Filter>
    <Filter Include="Default\리소스 파일">
      <UniqueIdentifier>{67DA6AB6-F800-4c08-8B7A-83BB121AAD01}</UniqueIdentifier>
      <Extensions>rc;ico;cur;bmp;dlg;rc2;rct;bin;rgs;gif;jpg;jpeg;jpe;resx;tiff;tif;png;wav;mfcribbon-ms</Extensions>
    </Filter>
    <Filter Include="Engine">
      <UniqueIdentifier>{e050c0b3-c865-4cdb-a409-c7af90f0a166}</UniqueIdentifier>
    </Filter>
    <Filter Include="Engine\02. Core">
      <UniqueIdentifier>{39bd0e2b-3389-4413-936f-f36b17ca106c}</UniqueIdentifier>
    </Filter>
    <Filter Include="Engine\01. Header">
      <UniqueIdentifier>{6d4c4080-1035-4e3c-aba5-38c6a746ebd1}</UniqueIdentifier>
    </Filter>
    <Filter Include="Engine\04. Object">
      <UniqueIdentifier>{635c0da9-812d-4bcf-a4b7-75e099e9c370}</UniqueIdentifier>
    </Filter>
    <Filter Include="Engine\03. Manager">
      <UniqueIdentifier>{1cd59d1a-6eaf-4e15-9e12-a0dd94783f39}</UniqueIdentifier>
    </Filter>
    <Filter Include="Engine\03. Manager\KeyMgr">
      <UniqueIdentifier>{25a58a93-3963-47b0-bcb0-ec33c7bee689}</UniqueIdentifier>
    </Filter>
    <Filter Include="Engine\03. Manager\TimeMgr">
      <UniqueIdentifier>{7e795c79-488a-421b-9ac5-50d9d143f5be}</UniqueIdentifier>
    </Filter>
    <Filter Include="Engine\05. Scene">
      <UniqueIdentifier>{f8950ae4-9a2c-4606-823d-2e91d4e42dd0}</UniqueIdentifier>
    </Filter>
    <Filter Include="Engine\03. Manager\SceneMgr">
      <UniqueIdentifier>{9c01a9b9-836b-4266-afbf-18a4fb1843b8}</UniqueIdentifier>
    </Filter>
    <Filter Include="Engine\05. Scene\Scene_Start">
      <UniqueIdentifier>{5c39adbf-7289-4f9c-bcc0-391cc8a6552b}</UniqueIdentifier>
    </Filter>
    <Filter Include="Engine\04. Object\Player">
      <UniqueIdentifier>{4942750a-8b5f-4c86-a74b-0f379049a56b}</UniqueIdentifier>
    </Filter>
    <Filter Include="Engine\04. Object\Monster">
      <UniqueIdentifier>{91f16e62-fc50-4254-ad58-0023ed82334c}</UniqueIdentifier>
    </Filter>
    <Filter Include="Engine\05. Scene\Scene_Tool">
      <UniqueIdentifier>{ba6c9beb-b9b1-4d36-afff-db96e81ad3b7}</UniqueIdentifier>
    </Filter>
    <Filter Include="Engine\06. Resource">
      <UniqueIdentifier>{57ae8287-c2f7-4cf7-bc87-280f2db14933}</UniqueIdentifier>
    </Filter>
    <Filter Include="Engine\07. Component">
      <UniqueIdentifier>{4c727cdb-3f60-47a6-8d8b-6db1a7926829}</UniqueIdentifier>
    </Filter>
    <Filter Include="Engine\07. Component\Collider">
      <UniqueIdentifier>{a229fa59-d47a-4586-b41d-41d0fcbad801}</UniqueIdentifier>
    </Filter>
    <Filter Include="Engine\03. Manager\CollisionMgr">
      <UniqueIdentifier>{be8018f4-87c4-4997-ba45-95412752a2db}</UniqueIdentifier>
    </Filter>
    <Filter Include="Engine\03. Manager\EventMgr">
      <UniqueIdentifier>{de4a5e84-ca77-4b73-af57-1c472f8c74b1}</UniqueIdentifier>
    </Filter>
    <Filter Include="Engine\03. Manager\Camera">
      <UniqueIdentifier>{cc3e2ffe-92e5-4c64-8d9f-afbd301c3d63}</UniqueIdentifier>
    </Filter>
    <Filter Include="Engine\03. Manager\ResMgr">
      <UniqueIdentifier>{8645240a-4441-4c15-823d-e832a15944f2}</UniqueIdentifier>
    </Filter>
    <Filter Include="Engine\03. Manager\PathMgr">
      <UniqueIdentifier>{d9a9b663-1483-42de-9110-5a61c1295057}</UniqueIdentifier>
    </Filter>
    <Filter Include="Engine\06. Resource\Texture">
      <UniqueIdentifier>{e146d2be-bf7c-4090-b57c-d774bc375f42}</UniqueIdentifier>
    </Filter>
    <Filter Include="Engine\07. Component\Animator">
      <UniqueIdentifier>{5db7f773-56c4-4c76-b746-a35de69fb6bb}</UniqueIdentifier>
    </Filter>
    <Filter Include="Engine\07. Component\Animator\Animation">
      <UniqueIdentifier>{e9ff361a-4c33-47a3-af32-05bff1d241ef}</UniqueIdentifier>
    </Filter>
    <Filter Include="Engine\07. Component\RigidBody">
      <UniqueIdentifier>{d59eee77-6ebb-415d-8272-858fbfb0f011}</UniqueIdentifier>
    </Filter>
    <Filter Include="Engine\03. Manager\Grid">
      <UniqueIdentifier>{bd0531ee-c04c-4f0a-a57b-5f1cdc2290dd}</UniqueIdentifier>
    </Filter>
    <Filter Include="Engine\08. Factory">
      <UniqueIdentifier>{b0932c43-2e2d-4662-8af5-0badf84f3e5f}</UniqueIdentifier>
    </Filter>
    <Filter Include="Engine\04. Object\Item">
      <UniqueIdentifier>{45f2e82c-5b31-4b91-a854-13f4d6f71f31}</UniqueIdentifier>
    </Filter>
    <Filter Include="Engine\04. Object\Tile">
      <UniqueIdentifier>{bdfcb610-c2fc-42ec-918e-370e10e78822}</UniqueIdentifier>
    </Filter>
    <Filter Include="Engine\04. Object\SpecialObject">
      <UniqueIdentifier>{eeea35af-6829-462c-8043-d6cfa28390de}</UniqueIdentifier>
    </Filter>
  </ItemGroup>
  <ItemGroup>
    <ClInclude Include="framework.h">
      <Filter>Default</Filter>
    </ClInclude>
    <ClInclude Include="KirbyClone.h">
      <Filter>Default</Filter>
    </ClInclude>
    <ClInclude Include="Resource.h">
      <Filter>Default</Filter>
    </ClInclude>
    <ClInclude Include="targetver.h">
      <Filter>Default</Filter>
    </ClInclude>
    <ClInclude Include="CCore.h">
      <Filter>Engine\02. Core</Filter>
    </ClInclude>
    <ClInclude Include="define.h">
      <Filter>Engine\01. Header</Filter>
    </ClInclude>
    <ClInclude Include="CKeyMgr.h">
      <Filter>Engine\03. Manager\KeyMgr</Filter>
    </ClInclude>
    <ClInclude Include="pch.h" />
    <ClInclude Include="CObject.h">
      <Filter>Engine\04. Object</Filter>
    </ClInclude>
    <ClInclude Include="struct.h">
      <Filter>Engine\01. Header</Filter>
    </ClInclude>
    <ClInclude Include="CTimeMgr.h">
      <Filter>Engine\03. Manager\TimeMgr</Filter>
    </ClInclude>
    <ClInclude Include="enum.h">
      <Filter>Engine\01. Header</Filter>
    </ClInclude>
    <ClInclude Include="CScene.h">
      <Filter>Engine\05. Scene</Filter>
    </ClInclude>
    <ClInclude Include="CSceneMgr.h">
      <Filter>Engine\03. Manager\SceneMgr</Filter>
    </ClInclude>
    <ClInclude Include="CScene_Start.h">
      <Filter>Engine\05. Scene\Scene_Start</Filter>
    </ClInclude>
    <ClInclude Include="CPlayer.h">
      <Filter>Engine\04. Object\Player</Filter>
    </ClInclude>
    <ClInclude Include="CMonster.h">
      <Filter>Engine\04. Object\Monster</Filter>
    </ClInclude>
    <ClInclude Include="CScene_Tool.h">
      <Filter>Engine\05. Scene\Scene_Tool</Filter>
    </ClInclude>
    <ClInclude Include="CCollider.h">
      <Filter>Engine\07. Component\Collider</Filter>
    </ClInclude>
    <ClInclude Include="CCollisionMgr.h">
      <Filter>Engine\03. Manager\CollisionMgr</Filter>
    </ClInclude>
    <ClInclude Include="CEventMgr.h">
      <Filter>Engine\03. Manager\EventMgr</Filter>
    </ClInclude>
    <ClInclude Include="CCamera.h">
      <Filter>Engine\03. Manager\Camera</Filter>
    </ClInclude>
    <ClInclude Include="CPathMgr.h">
      <Filter>Engine\03. Manager\PathMgr</Filter>
    </ClInclude>
    <ClInclude Include="CResMgr.h">
      <Filter>Engine\03. Manager\ResMgr</Filter>
    </ClInclude>
    <ClInclude Include="CRes.h">
      <Filter>Engine\06. Resource</Filter>
    </ClInclude>
    <ClInclude Include="CTexture.h">
      <Filter>Engine\06. Resource\Texture</Filter>
    </ClInclude>
    <ClInclude Include="CAnimator.h">
      <Filter>Engine\07. Component\Animator</Filter>
    </ClInclude>
    <ClInclude Include="CAnimation.h">
      <Filter>Engine\07. Component\Animator\Animation</Filter>
    </ClInclude>
    <ClInclude Include="CRigidBody.h">
      <Filter>Engine\07. Component\RigidBody</Filter>
    </ClInclude>
    <ClInclude Include="CGrid.h">
      <Filter>Engine\03. Manager\Grid</Filter>
    </ClInclude>
    <ClInclude Include="CObjectFactory.h">
      <Filter>Engine\08. Factory</Filter>
    </ClInclude>
    <ClInclude Include="CItem.h">
      <Filter>Engine\04. Object\Item</Filter>
    </ClInclude>
    <ClInclude Include="CTile.h">
      <Filter>Engine\04. Object\Tile</Filter>
    </ClInclude>
    <ClInclude Include="CSpecialObject.h">
      <Filter>Engine\04. Object\SpecialObject</Filter>
    </ClInclude>
  </ItemGroup>
  <ItemGroup>
    <ResourceCompile Include="KirbyClone.rc">
      <Filter>Default\리소스 파일</Filter>
    </ResourceCompile>
  </ItemGroup>
  <ItemGroup>
    <Image Include="small.ico">
      <Filter>Default\리소스 파일</Filter>
    </Image>
    <Image Include="KirbyClone.ico">
      <Filter>Default\리소스 파일</Filter>
    </Image>
  </ItemGroup>
  <ItemGroup>
    <ClCompile Include="CCore.cpp">
      <Filter>Engine\02. Core</Filter>
    </ClCompile>
    <ClCompile Include="CKeyMgr.cpp">
      <Filter>Engine\03. Manager\KeyMgr</Filter>
    </ClCompile>
    <ClCompile Include="KirbyClone.cpp" />
    <ClCompile Include="CObject.cpp">
      <Filter>Engine\04. Object</Filter>
    </ClCompile>
    <ClCompile Include="CTimeMgr.cpp">
      <Filter>Engine\03. Manager\TimeMgr</Filter>
    </ClCompile>
    <ClCompile Include="CScene.cpp">
      <Filter>Engine\05. Scene</Filter>
    </ClCompile>
    <ClCompile Include="CSceneMgr.cpp">
      <Filter>Engine\03. Manager\SceneMgr</Filter>
    </ClCompile>
    <ClCompile Include="CScene_Start.cpp">
      <Filter>Engine\05. Scene\Scene_Start</Filter>
    </ClCompile>
    <ClCompile Include="CPlayer.cpp">
      <Filter>Engine\04. Object\Player</Filter>
    </ClCompile>
    <ClCompile Include="CMonster.cpp">
      <Filter>Engine\04. Object\Monster</Filter>
    </ClCompile>
    <ClCompile Include="CScene_Tool.cpp">
      <Filter>Engine\05. Scene\Scene_Tool</Filter>
    </ClCompile>
    <ClCompile Include="CCollider.cpp">
      <Filter>Engine\07. Component\Collider</Filter>
    </ClCompile>
    <ClCompile Include="CCollisionMgr.cpp">
      <Filter>Engine\03. Manager\CollisionMgr</Filter>
    </ClCompile>
    <ClCompile Include="CEventMgr.cpp">
      <Filter>Engine\03. Manager\EventMgr</Filter>
    </ClCompile>
    <ClCompile Include="CCamera.cpp">
      <Filter>Engine\03. Manager\Camera</Filter>
    </ClCompile>
    <ClCompile Include="CPathMgr.cpp">
      <Filter>Engine\03. Manager\PathMgr</Filter>
    </ClCompile>
    <ClCompile Include="CResMgr.cpp">
      <Filter>Engine\03. Manager\ResMgr</Filter>
    </ClCompile>
    <ClCompile Include="CRes.cpp">
      <Filter>Engine\06. Resource</Filter>
    </ClCompile>
    <ClCompile Include="CTexture.cpp">
      <Filter>Engine\06. Resource\Texture</Filter>
    </ClCompile>
    <ClCompile Include="CAnimator.cpp">
      <Filter>Engine\07. Component\Animator</Filter>
    </ClCompile>
    <ClCompile Include="CAnimation.cpp">
      <Filter>Engine\07. Component\Animator\Animation</Filter>
    </ClCompile>
    <ClCompile Include="CRigidBody.cpp">
      <Filter>Engine\07. Component\RigidBody</Filter>
    </ClCompile>
    <ClCompile Include="CGrid.cpp">
      <Filter>Engine\03. Manager\Grid</Filter>
    </ClCompile>
    <ClCompile Include="CObjectFactory.cpp">
      <Filter>Engine\08. Factory</Filter>
    </ClCompile>
    <ClCompile Include="CItem.cpp">
      <Filter>Engine\04. Object\Item</Filter>
    </ClCompile>
    <ClCompile Include="CTile.cpp">
      <Filter>Engine\04. Object\Tile</Filter>
    </ClCompile>
    <ClCompile Include="CSpecialObject.cpp">
      <Filter>Engine\04. Object\SpecialObject</Filter>
    </ClCompile>
  </ItemGroup>
</Project>